
Microsoft Visual Studio Solution File, Format Version 12.00
# Visual Studio 15
VisualStudioVersion = 15.0.28307.572
MinimumVisualStudioVersion = 10.0.40219.1
Project("{FAE04EC0-301F-11D3-BF4B-00C04F79EFBC}") = "RecursoshidricosAplicacion.Android", "RecursoshidricosAplicacion\RecursoshidricosAplicacion.Android\RecursoshidricosAplicacion.Android.csproj", "{A8EDF4A4-B12F-4198-9E2D-1AAF771F166A}"
EndProject
Project("{FAE04EC0-301F-11D3-BF4B-00C04F79EFBC}") = "RecursoshidricosAplicacion.iOS", "RecursoshidricosAplicacion\RecursoshidricosAplicacion.iOS\RecursoshidricosAplicacion.iOS.csproj", "{8D8291EB-F3F8-4D59-80D9-F5A6BB2DE1EB}"
EndProject
Project("{FAE04EC0-301F-11D3-BF4B-00C04F79EFBC}") = "RecursoshidricosAplicacion", "RecursoshidricosAplicacion\RecursoshidricosAplicacion\RecursoshidricosAplicacion.csproj", "{C5EAE514-6425-4E28-B3FF-CBF2DEE38B46}"
EndProject
Global
	GlobalSection(SolutionConfigurationPlatforms) = preSolution
		Ad-Hoc|Any CPU = Ad-Hoc|Any CPU
		Ad-Hoc|iPhone = Ad-Hoc|iPhone
		Ad-Hoc|iPhoneSimulator = Ad-Hoc|iPhoneSimulator
		AppStore|Any CPU = AppStore|Any CPU
		AppStore|iPhone = AppStore|iPhone
		AppStore|iPhoneSimulator = AppStore|iPhoneSimulator
		Debug|Any CPU = Debug|Any CPU
		Debug|iPhone = Debug|iPhone
		Debug|iPhoneSimulator = Debug|iPhoneSimulator
		Release|Any CPU = Release|Any CPU
		Release|iPhone = Release|iPhone
		Release|iPhoneSimulator = Release|iPhoneSimulator
	EndGlobalSection
	GlobalSection(ProjectConfigurationPlatforms) = postSolution
		{A8EDF4A4-B12F-4198-9E2D-1AAF771F166A}.Ad-Hoc|Any CPU.ActiveCfg = Release|Any CPU
		{A8EDF4A4-B12F-4198-9E2D-1AAF771F166A}.Ad-Hoc|Any CPU.Build.0 = Release|Any CPU
		{A8EDF4A4-B12F-4198-9E2D-1AAF771F166A}.Ad-Hoc|Any CPU.Deploy.0 = Release|Any CPU
		{A8EDF4A4-B12F-4198-9E2D-1AAF771F166A}.Ad-Hoc|iPhone.ActiveCfg = Release|Any CPU
		{A8EDF4A4-B12F-4198-9E2D-1AAF771F166A}.Ad-Hoc|iPhone.Build.0 = Release|Any CPU
		{A8EDF4A4-B12F-4198-9E2D-1AAF771F166A}.Ad-Hoc|iPhone.Deploy.0 = Release|Any CPU
		{A8EDF4A4-B12F-4198-9E2D-1AAF771F166A}.Ad-Hoc|iPhoneSimulator.ActiveCfg = Release|Any CPU
		{A8EDF4A4-B12F-4198-9E2D-1AAF771F166A}.Ad-Hoc|iPhoneSimulator.Build.0 = Release|Any CPU
		{A8EDF4A4-B12F-4198-9E2D-1AAF771F166A}.Ad-Hoc|iPhoneSimulator.Deploy.0 = Release|Any CPU
		{A8EDF4A4-B12F-4198-9E2D-1AAF771F166A}.AppStore|Any CPU.ActiveCfg = Release|Any CPU
		{A8EDF4A4-B12F-4198-9E2D-1AAF771F166A}.AppStore|Any CPU.Build.0 = Release|Any CPU
		{A8EDF4A4-B12F-4198-9E2D-1AAF771F166A}.AppStore|Any CPU.Deploy.0 = Release|Any CPU
		{A8EDF4A4-B12F-4198-9E2D-1AAF771F166A}.AppStore|iPhone.ActiveCfg = Release|Any CPU
		{A8EDF4A4-B12F-4198-9E2D-1AAF771F166A}.AppStore|iPhone.Build.0 = Release|Any CPU
		{A8EDF4A4-B12F-4198-9E2D-1AAF771F166A}.AppStore|iPhone.Deploy.0 = Release|Any CPU
		{A8EDF4A4-B12F-4198-9E2D-1AAF771F166A}.AppStore|iPhoneSimulator.ActiveCfg = Release|Any CPU
		{A8EDF4A4-B12F-4198-9E2D-1AAF771F166A}.AppStore|iPhoneSimulator.Build.0 = Release|Any CPU
		{A8EDF4A4-B12F-4198-9E2D-1AAF771F166A}.AppStore|iPhoneSimulator.Deploy.0 = Release|Any CPU
		{A8EDF4A4-B12F-4198-9E2D-1AAF771F166A}.Debug|Any CPU.ActiveCfg = Debug|Any CPU
		{A8EDF4A4-B12F-4198-9E2D-1AAF771F166A}.Debug|Any CPU.Build.0 = Debug|Any CPU
		{A8EDF4A4-B12F-4198-9E2D-1AAF771F166A}.Debug|Any CPU.Deploy.0 = Debug|Any CPU
		{A8EDF4A4-B12F-4198-9E2D-1AAF771F166A}.Debug|iPhone.ActiveCfg = Debug|Any CPU
		{A8EDF4A4-B12F-4198-9E2D-1AAF771F166A}.Debug|iPhone.Build.0 = Debug|Any CPU
		{A8EDF4A4-B12F-4198-9E2D-1AAF771F166A}.Debug|iPhone.Deploy.0 = Debug|Any CPU
		{A8EDF4A4-B12F-4198-9E2D-1AAF771F166A}.Debug|iPhoneSimulator.ActiveCfg = Debug|Any CPU
		{A8EDF4A4-B12F-4198-9E2D-1AAF771F166A}.Debug|iPhoneSimulator.Build.0 = Debug|Any CPU
		{A8EDF4A4-B12F-4198-9E2D-1AAF771F166A}.Debug|iPhoneSimulator.Deploy.0 = Debug|Any CPU
		{A8EDF4A4-B12F-4198-9E2D-1AAF771F166A}.Release|Any CPU.ActiveCfg = Release|Any CPU
		{A8EDF4A4-B12F-4198-9E2D-1AAF771F166A}.Release|Any CPU.Build.0 = Release|Any CPU
		{A8EDF4A4-B12F-4198-9E2D-1AAF771F166A}.Release|Any CPU.Deploy.0 = Release|Any CPU
		{A8EDF4A4-B12F-4198-9E2D-1AAF771F166A}.Release|iPhone.ActiveCfg = Release|Any CPU
		{A8EDF4A4-B12F-4198-9E2D-1AAF771F166A}.Release|iPhone.Build.0 = Release|Any CPU
		{A8EDF4A4-B12F-4198-9E2D-1AAF771F166A}.Release|iPhone.Deploy.0 = Release|Any CPU
		{A8EDF4A4-B12F-4198-9E2D-1AAF771F166A}.Release|iPhoneSimulator.ActiveCfg = Release|Any CPU
		{A8EDF4A4-B12F-4198-9E2D-1AAF771F166A}.Release|iPhoneSimulator.Build.0 = Release|Any CPU
		{A8EDF4A4-B12F-4198-9E2D-1AAF771F166A}.Release|iPhoneSimulator.Deploy.0 = Release|Any CPU
		{8D8291EB-F3F8-4D59-80D9-F5A6BB2DE1EB}.Ad-Hoc|Any CPU.ActiveCfg = Ad-Hoc|iPhone
		{8D8291EB-F3F8-4D59-80D9-F5A6BB2DE1EB}.Ad-Hoc|Any CPU.Build.0 = Ad-Hoc|iPhone
		{8D8291EB-F3F8-4D59-80D9-F5A6BB2DE1EB}.Ad-Hoc|Any CPU.Deploy.0 = Ad-Hoc|iPhone
		{8D8291EB-F3F8-4D59-80D9-F5A6BB2DE1EB}.Ad-Hoc|iPhone.ActiveCfg = Ad-Hoc|iPhone
		{8D8291EB-F3F8-4D59-80D9-F5A6BB2DE1EB}.Ad-Hoc|iPhone.Build.0 = Ad-Hoc|iPhone
		{8D8291EB-F3F8-4D59-80D9-F5A6BB2DE1EB}.Ad-Hoc|iPhone.Deploy.0 = Ad-Hoc|iPhone
		{8D8291EB-F3F8-4D59-80D9-F5A6BB2DE1EB}.Ad-Hoc|iPhoneSimulator.ActiveCfg = Ad-Hoc|iPhoneSimulator
		{8D8291EB-F3F8-4D59-80D9-F5A6BB2DE1EB}.Ad-Hoc|iPhoneSimulator.Build.0 = Ad-Hoc|iPhoneSimulator
		{8D8291EB-F3F8-4D59-80D9-F5A6BB2DE1EB}.Ad-Hoc|iPhoneSimulator.Deploy.0 = Ad-Hoc|iPhoneSimulator
		{8D8291EB-F3F8-4D59-80D9-F5A6BB2DE1EB}.AppStore|Any CPU.ActiveCfg = AppStore|iPhone
		{8D8291EB-F3F8-4D59-80D9-F5A6BB2DE1EB}.AppStore|Any CPU.Build.0 = AppStore|iPhone
		{8D8291EB-F3F8-4D59-80D9-F5A6BB2DE1EB}.AppStore|Any CPU.Deploy.0 = AppStore|iPhone
		{8D8291EB-F3F8-4D59-80D9-F5A6BB2DE1EB}.AppStore|iPhone.ActiveCfg = AppStore|iPhone
		{8D8291EB-F3F8-4D59-80D9-F5A6BB2DE1EB}.AppStore|iPhone.Build.0 = AppStore|iPhone
		{8D8291EB-F3F8-4D59-80D9-F5A6BB2DE1EB}.AppStore|iPhone.Deploy.0 = AppStore|iPhone
		{8D8291EB-F3F8-4D59-80D9-F5A6BB2DE1EB}.AppStore|iPhoneSimulator.ActiveCfg = AppStore|iPhoneSimulator
		{8D8291EB-F3F8-4D59-80D9-F5A6BB2DE1EB}.AppStore|iPhoneSimulator.Build.0 = AppStore|iPhoneSimulator
		{8D8291EB-F3F8-4D59-80D9-F5A6BB2DE1EB}.AppStore|iPhoneSimulator.Deploy.0 = AppStore|iPhoneSimulator
		{8D8291EB-F3F8-4D59-80D9-F5A6BB2DE1EB}.Debug|Any CPU.ActiveCfg = Debug|iPhoneSimulator
		{8D8291EB-F3F8-4D59-80D9-F5A6BB2DE1EB}.Debug|Any CPU.Build.0 = Debug|iPhoneSimulator
		{8D8291EB-F3F8-4D59-80D9-F5A6BB2DE1EB}.Debug|Any CPU.Deploy.0 = Debug|iPhoneSimulator
		{8D8291EB-F3F8-4D59-80D9-F5A6BB2DE1EB}.Debug|iPhone.ActiveCfg = Debug|iPhone
		{8D8291EB-F3F8-4D59-80D9-F5A6BB2DE1EB}.Debug|iPhone.Build.0 = Debug|iPhone
		{8D8291EB-F3F8-4D59-80D9-F5A6BB2DE1EB}.Debug|iPhone.Deploy.0 = Debug|iPhone
		{8D8291EB-F3F8-4D59-80D9-F5A6BB2DE1EB}.Debug|iPhoneSimulator.ActiveCfg = Debug|iPhoneSimulator
		{8D8291EB-F3F8-4D59-80D9-F5A6BB2DE1EB}.Debug|iPhoneSimulator.Build.0 = Debug|iPhoneSimulator
		{8D8291EB-F3F8-4D59-80D9-F5A6BB2DE1EB}.Debug|iPhoneSimulator.Deploy.0 = Debug|iPhoneSimulator
		{8D8291EB-F3F8-4D59-80D9-F5A6BB2DE1EB}.Release|Any CPU.ActiveCfg = Release|iPhone
		{8D8291EB-F3F8-4D59-80D9-F5A6BB2DE1EB}.Release|Any CPU.Build.0 = Release|iPhone
		{8D8291EB-F3F8-4D59-80D9-F5A6BB2DE1EB}.Release|Any CPU.Deploy.0 = Release|iPhone
		{8D8291EB-F3F8-4D59-80D9-F5A6BB2DE1EB}.Release|iPhone.ActiveCfg = Release|iPhone
		{8D8291EB-F3F8-4D59-80D9-F5A6BB2DE1EB}.Release|iPhone.Build.0 = Release|iPhone
		{8D8291EB-F3F8-4D59-80D9-F5A6BB2DE1EB}.Release|iPhone.Deploy.0 = Release|iPhone
		{8D8291EB-F3F8-4D59-80D9-F5A6BB2DE1EB}.Release|iPhoneSimulator.ActiveCfg = Release|iPhoneSimulator
		{8D8291EB-F3F8-4D59-80D9-F5A6BB2DE1EB}.Release|iPhoneSimulator.Build.0 = Release|iPhoneSimulator
		{8D8291EB-F3F8-4D59-80D9-F5A6BB2DE1EB}.Release|iPhoneSimulator.Deploy.0 = Release|iPhoneSimulator
		{C5EAE514-6425-4E28-B3FF-CBF2DEE38B46}.Ad-Hoc|Any CPU.ActiveCfg = Debug|Any CPU
		{C5EAE514-6425-4E28-B3FF-CBF2DEE38B46}.Ad-Hoc|Any CPU.Build.0 = Debug|Any CPU
		{C5EAE514-6425-4E28-B3FF-CBF2DEE38B46}.Ad-Hoc|Any CPU.Deploy.0 = Debug|Any CPU
		{C5EAE514-6425-4E28-B3FF-CBF2DEE38B46}.Ad-Hoc|iPhone.ActiveCfg = Debug|Any CPU
		{C5EAE514-6425-4E28-B3FF-CBF2DEE38B46}.Ad-Hoc|iPhone.Build.0 = Debug|Any CPU
		{C5EAE514-6425-4E28-B3FF-CBF2DEE38B46}.Ad-Hoc|iPhone.Deploy.0 = Debug|Any CPU
		{C5EAE514-6425-4E28-B3FF-CBF2DEE38B46}.Ad-Hoc|iPhoneSimulator.ActiveCfg = Debug|Any CPU
		{C5EAE514-6425-4E28-B3FF-CBF2DEE38B46}.Ad-Hoc|iPhoneSimulator.Build.0 = Debug|Any CPU
		{C5EAE514-6425-4E28-B3FF-CBF2DEE38B46}.Ad-Hoc|iPhoneSimulator.Deploy.0 = Debug|Any CPU
		{C5EAE514-6425-4E28-B3FF-CBF2DEE38B46}.AppStore|Any CPU.ActiveCfg = Debug|Any CPU
		{C5EAE514-6425-4E28-B3FF-CBF2DEE38B46}.AppStore|Any CPU.Build.0 = Debug|Any CPU
		{C5EAE514-6425-4E28-B3FF-CBF2DEE38B46}.AppStore|Any CPU.Deploy.0 = Debug|Any CPU
		{C5EAE514-6425-4E28-B3FF-CBF2DEE38B46}.AppStore|iPhone.ActiveCfg = Debug|Any CPU
		{C5EAE514-6425-4E28-B3FF-CBF2DEE38B46}.AppStore|iPhone.Build.0 = Debug|Any CPU
		{C5EAE514-6425-4E28-B3FF-CBF2DEE38B46}.AppStore|iPhone.Deploy.0 = Debug|Any CPU
		{C5EAE514-6425-4E28-B3FF-CBF2DEE38B46}.AppStore|iPhoneSimulator.ActiveCfg = Debug|Any CPU
		{C5EAE514-6425-4E28-B3FF-CBF2DEE38B46}.AppStore|iPhoneSimulator.Build.0 = Debug|Any CPU
		{C5EAE514-6425-4E28-B3FF-CBF2DEE38B46}.AppStore|iPhoneSimulator.Deploy.0 = Debug|Any CPU
		{C5EAE514-6425-4E28-B3FF-CBF2DEE38B46}.Debug|Any CPU.ActiveCfg = Debug|Any CPU
		{C5EAE514-6425-4E28-B3FF-CBF2DEE38B46}.Debug|Any CPU.Build.0 = Debug|Any CPU
		{C5EAE514-6425-4E28-B3FF-CBF2DEE38B46}.Debug|Any CPU.Deploy.0 = Debug|Any CPU
		{C5EAE514-6425-4E28-B3FF-CBF2DEE38B46}.Debug|iPhone.ActiveCfg = Debug|Any CPU
		{C5EAE514-6425-4E28-B3FF-CBF2DEE38B46}.Debug|iPhone.Build.0 = Debug|Any CPU
		{C5EAE514-6425-4E28-B3FF-CBF2DEE38B46}.Debug|iPhone.Deploy.0 = Debug|Any CPU
		{C5EAE514-6425-4E28-B3FF-CBF2DEE38B46}.Debug|iPhoneSimulator.ActiveCfg = Debug|Any CPU
		{C5EAE514-6425-4E28-B3FF-CBF2DEE38B46}.Debug|iPhoneSimulator.Build.0 = Debug|Any CPU
		{C5EAE514-6425-4E28-B3FF-CBF2DEE38B46}.Debug|iPhoneSimulator.Deploy.0 = Debug|Any CPU
		{C5EAE514-6425-4E28-B3FF-CBF2DEE38B46}.Release|Any CPU.ActiveCfg = Release|Any CPU
		{C5EAE514-6425-4E28-B3FF-CBF2DEE38B46}.Release|Any CPU.Build.0 = Release|Any CPU
		{C5EAE514-6425-4E28-B3FF-CBF2DEE38B46}.Release|Any CPU.Deploy.0 = Release|Any CPU
		{C5EAE514-6425-4E28-B3FF-CBF2DEE38B46}.Release|iPhone.ActiveCfg = Release|Any CPU
		{C5EAE514-6425-4E28-B3FF-CBF2DEE38B46}.Release|iPhone.Build.0 = Release|Any CPU
		{C5EAE514-6425-4E28-B3FF-CBF2DEE38B46}.Release|iPhone.Deploy.0 = Release|Any CPU
		{C5EAE514-6425-4E28-B3FF-CBF2DEE38B46}.Release|iPhoneSimulator.ActiveCfg = Release|Any CPU
		{C5EAE514-6425-4E28-B3FF-CBF2DEE38B46}.Release|iPhoneSimulator.Build.0 = Release|Any CPU
		{C5EAE514-6425-4E28-B3FF-CBF2DEE38B46}.Release|iPhoneSimulator.Deploy.0 = Release|Any CPU
	EndGlobalSection
	GlobalSection(SolutionProperties) = preSolution
		HideSolutionNode = FALSE
	EndGlobalSection
	GlobalSection(ExtensibilityGlobals) = postSolution
		SolutionGuid = {35A3BA06-A4FB-45F2-B8F5-B7AE3FC7AA30}
	EndGlobalSection
EndGlobal
